
Microsoft Visual Studio Solution File, Format Version 12.00
# Visual Studio Version 17
VisualStudioVersion = 17.0.32112.339
MinimumVisualStudioVersion = 10.0.40219.1
Project("{FAE04EC0-301F-11D3-BF4B-00C04F79EFBC}") = "UI", "GameOfLife\UI.csproj", "{8B7E4D5B-7838-4A7F-9233-02672CCFC1A1}"
EndProject
Project("{FAE04EC0-301F-11D3-BF4B-00C04F79EFBC}") = "Engine", "Engine\Engine.csproj", "{75D09425-0B9F-42E2-B102-9628D80E3172}"
EndProject
Global
	GlobalSection(SolutionConfigurationPlatforms) = preSolution
		Debug|Any CPU = Debug|Any CPU
		Release|Any CPU = Release|Any CPU
	EndGlobalSection
	GlobalSection(ProjectConfigurationPlatforms) = postSolution
		{8B7E4D5B-7838-4A7F-9233-02672CCFC1A1}.Debug|Any CPU.ActiveCfg = Debug|Any CPU
		{8B7E4D5B-7838-4A7F-9233-02672CCFC1A1}.Debug|Any CPU.Build.0 = Debug|Any CPU
		{8B7E4D5B-7838-4A7F-9233-02672CCFC1A1}.Release|Any CPU.ActiveCfg = Release|Any CPU
		{8B7E4D5B-7838-4A7F-9233-02672CCFC1A1}.Release|Any CPU.Build.0 = Release|Any CPU
		{75D09425-0B9F-42E2-B102-9628D80E3172}.Debug|Any CPU.ActiveCfg = Debug|Any CPU
		{75D09425-0B9F-42E2-B102-9628D80E3172}.Debug|Any CPU.Build.0 = Debug|Any CPU
		{75D09425-0B9F-42E2-B102-9628D80E3172}.Release|Any CPU.ActiveCfg = Release|Any CPU
		{75D09425-0B9F-42E2-B102-9628D80E3172}.Release|Any CPU.Build.0 = Release|Any CPU
	EndGlobalSection
	GlobalSection(SolutionProperties) = preSolution
		HideSolutionNode = FALSE
	EndGlobalSection
	GlobalSection(ExtensibilityGlobals) = postSolution
		SolutionGuid = {DAC868DB-AD2D-4E3D-BAF1-58947A816BBE}
	EndGlobalSection
EndGlobal
